
Microsoft Visual Studio Solution File, Format Version 12.00
# Visual Studio Version 17
VisualStudioVersion = 17.2.32630.192
MinimumVisualStudioVersion = 10.0.40219.1
Project("{9A19103F-16F7-4668-BE54-9A1E7A4F7556}") = "TRPO", "TRPO.csproj", "{754CF225-8F5F-41E6-8884-859CAB82BA15}"
EndProject
Project("{9A19103F-16F7-4668-BE54-9A1E7A4F7556}") = "TRPO.Models", "..\TRPO.Models\TRPO.Models.csproj", "{3BE889EA-BD85-4575-A60D-07C507EE2FE4}"
EndProject
Project("{9A19103F-16F7-4668-BE54-9A1E7A4F7556}") = "TRPO.Interfaces", "..\TRPO.Interfaces\TRPO.Interfaces.csproj", "{B961ABF5-AF14-410D-B7A5-86FB8F24B609}"
EndProject
Project("{9A19103F-16F7-4668-BE54-9A1E7A4F7556}") = "TRPO.Services", "..\TRPO.Services\TRPO.Services.csproj", "{69076A6A-26E2-4CD3-8346-C55F5CA1C9C2}"
EndProject
Project("{FAE04EC0-301F-11D3-BF4B-00C04F79EFBC}") = "TRPO.Database", "..\TRPO.Database\TRPO.Database.csproj", "{19AA2E94-043B-4764-85E8-050A93F7C5EA}"
EndProject
Global
	GlobalSection(SolutionConfigurationPlatforms) = preSolution
		Debug|Any CPU = Debug|Any CPU
		Release|Any CPU = Release|Any CPU
	EndGlobalSection
	GlobalSection(ProjectConfigurationPlatforms) = postSolution
		{754CF225-8F5F-41E6-8884-859CAB82BA15}.Debug|Any CPU.ActiveCfg = Debug|Any CPU
		{754CF225-8F5F-41E6-8884-859CAB82BA15}.Debug|Any CPU.Build.0 = Debug|Any CPU
		{754CF225-8F5F-41E6-8884-859CAB82BA15}.Release|Any CPU.ActiveCfg = Release|Any CPU
		{754CF225-8F5F-41E6-8884-859CAB82BA15}.Release|Any CPU.Build.0 = Release|Any CPU
		{3BE889EA-BD85-4575-A60D-07C507EE2FE4}.Debug|Any CPU.ActiveCfg = Debug|Any CPU
		{3BE889EA-BD85-4575-A60D-07C507EE2FE4}.Debug|Any CPU.Build.0 = Debug|Any CPU
		{3BE889EA-BD85-4575-A60D-07C507EE2FE4}.Release|Any CPU.ActiveCfg = Release|Any CPU
		{3BE889EA-BD85-4575-A60D-07C507EE2FE4}.Release|Any CPU.Build.0 = Release|Any CPU
		{B961ABF5-AF14-410D-B7A5-86FB8F24B609}.Debug|Any CPU.ActiveCfg = Debug|Any CPU
		{B961ABF5-AF14-410D-B7A5-86FB8F24B609}.Debug|Any CPU.Build.0 = Debug|Any CPU
		{B961ABF5-AF14-410D-B7A5-86FB8F24B609}.Release|Any CPU.ActiveCfg = Release|Any CPU
		{B961ABF5-AF14-410D-B7A5-86FB8F24B609}.Release|Any CPU.Build.0 = Release|Any CPU
		{69076A6A-26E2-4CD3-8346-C55F5CA1C9C2}.Debug|Any CPU.ActiveCfg = Debug|Any CPU
		{69076A6A-26E2-4CD3-8346-C55F5CA1C9C2}.Debug|Any CPU.Build.0 = Debug|Any CPU
		{69076A6A-26E2-4CD3-8346-C55F5CA1C9C2}.Release|Any CPU.ActiveCfg = Release|Any CPU
		{69076A6A-26E2-4CD3-8346-C55F5CA1C9C2}.Release|Any CPU.Build.0 = Release|Any CPU
		{19AA2E94-043B-4764-85E8-050A93F7C5EA}.Debug|Any CPU.ActiveCfg = Debug|Any CPU
		{19AA2E94-043B-4764-85E8-050A93F7C5EA}.Debug|Any CPU.Build.0 = Debug|Any CPU
		{19AA2E94-043B-4764-85E8-050A93F7C5EA}.Release|Any CPU.ActiveCfg = Release|Any CPU
		{19AA2E94-043B-4764-85E8-050A93F7C5EA}.Release|Any CPU.Build.0 = Release|Any CPU
	EndGlobalSection
	GlobalSection(SolutionProperties) = preSolution
		HideSolutionNode = FALSE
	EndGlobalSection
	GlobalSection(ExtensibilityGlobals) = postSolution
		SolutionGuid = {A5D5796E-70CC-402E-BC5E-FB383EC5F97A}
	EndGlobalSection
EndGlobal
